
Microsoft Visual Studio Solution File, Format Version 12.00
# Visual Studio Version 17
VisualStudioVersion = 17.8.34525.116
MinimumVisualStudioVersion = 10.0.40219.1
Project("{FAE04EC0-301F-11D3-BF4B-00C04F79EFBC}") = "Week6StringsAndArrays", "Week6StringsAndArrays\Week6StringsAndArrays.csproj", "{E7111008-A5EF-4CFE-A480-029FD9BD1FC2}"
EndProject
Project("{FAE04EC0-301F-11D3-BF4B-00C04F79EFBC}") = "Arrays", "Arrays\Arrays.csproj", "{1B74B1C4-EA20-4C89-AC7B-BE0963EB0EE8}"
EndProject
Project("{FAE04EC0-301F-11D3-BF4B-00C04F79EFBC}") = "NumberArrays", "NumberArrays\NumberArrays.csproj", "{03A0BC0E-AD8D-45B7-A218-CEE2DA36EDDC}"
EndProject
Global
	GlobalSection(SolutionConfigurationPlatforms) = preSolution
		Debug|Any CPU = Debug|Any CPU
		Release|Any CPU = Release|Any CPU
	EndGlobalSection
	GlobalSection(ProjectConfigurationPlatforms) = postSolution
		{E7111008-A5EF-4CFE-A480-029FD9BD1FC2}.Debug|Any CPU.ActiveCfg = Debug|Any CPU
		{E7111008-A5EF-4CFE-A480-029FD9BD1FC2}.Debug|Any CPU.Build.0 = Debug|Any CPU
		{E7111008-A5EF-4CFE-A480-029FD9BD1FC2}.Release|Any CPU.ActiveCfg = Release|Any CPU
		{E7111008-A5EF-4CFE-A480-029FD9BD1FC2}.Release|Any CPU.Build.0 = Release|Any CPU
		{1B74B1C4-EA20-4C89-AC7B-BE0963EB0EE8}.Debug|Any CPU.ActiveCfg = Debug|Any CPU
		{1B74B1C4-EA20-4C89-AC7B-BE0963EB0EE8}.Debug|Any CPU.Build.0 = Debug|Any CPU
		{1B74B1C4-EA20-4C89-AC7B-BE0963EB0EE8}.Release|Any CPU.ActiveCfg = Release|Any CPU
		{1B74B1C4-EA20-4C89-AC7B-BE0963EB0EE8}.Release|Any CPU.Build.0 = Release|Any CPU
		{03A0BC0E-AD8D-45B7-A218-CEE2DA36EDDC}.Debug|Any CPU.ActiveCfg = Debug|Any CPU
		{03A0BC0E-AD8D-45B7-A218-CEE2DA36EDDC}.Debug|Any CPU.Build.0 = Debug|Any CPU
		{03A0BC0E-AD8D-45B7-A218-CEE2DA36EDDC}.Release|Any CPU.ActiveCfg = Release|Any CPU
		{03A0BC0E-AD8D-45B7-A218-CEE2DA36EDDC}.Release|Any CPU.Build.0 = Release|Any CPU
	EndGlobalSection
	GlobalSection(SolutionProperties) = preSolution
		HideSolutionNode = FALSE
	EndGlobalSection
	GlobalSection(ExtensibilityGlobals) = postSolution
		SolutionGuid = {B8411D40-C3D2-4CA0-86D4-1DC5AD3ED37A}
	EndGlobalSection
EndGlobal
